<?xml version="1.0" encoding="utf-8"?>
<Project ToolsVersion="4.0" xmlns="http://schemas.microsoft.com/developer/msbuild/2003">
  <ItemGroup>
    <Filter Include="Source Files">
      <UniqueIdentifier>{4FC737F1-C7A5-4376-A066-2A32D752A2FF}</UniqueIdentifier>
      <Extensions>cpp;c;cc;cxx;c++;cppm;ixx;def;odl;idl;hpj;bat;asm;asmx</Extensions>
    </Filter>
    <Filter Include="Header Files">
      <UniqueIdentifier>{93995380-89BD-4b04-88EB-625FBE52EBFB}</UniqueIdentifier>
      <Extensions>h;hh;hpp;hxx;h++;hm;inl;inc;ipp;xsd</Extensions>
    </Filter>
    <Filter Include="Resource Files">
      <UniqueIdentifier>{67DA6AB6-F800-4c08-8B7A-83BB121AAD01}</UniqueIdentifier>
      <Extensions>rc;ico;cur;bmp;dlg;rc2;rct;bin;rgs;gif;jpg;jpeg;jpe;resx;tiff;tif;png;wav;mfcribbon-ms</Extensions>
    </Filter>
    <Filter Include="libs">
      <UniqueIdentifier>{74eac53b-333d-4336-b3c2-3c1040b59daa}</UniqueIdentifier>
    </Filter>
    <Filter Include="assets">
      <UniqueIdentifier>{a31920cf-abe1-4bef-8dc3-123a14a4376d}</UniqueIdentifier>
    </Filter>
    <Filter Include="assets\shaders">
      <UniqueIdentifier>{0c1781f4-82d5-44ef-9703-6e3a374de9f4}</UniqueIdentifier>
    </Filter>
    <Filter Include="assets\models">
      <UniqueIdentifier>{8bb9e1dc-5ab4-4887-aab8-ff4d3e8e0d05}</UniqueIdentifier>
    </Filter>
    <Filter Include="assets\fonts">
      <UniqueIdentifier>{70a488ce-0a0c-42cf-8571-5607cac4681b}</UniqueIdentifier>
    </Filter>
    <Filter Include="assets\textures">
      <UniqueIdentifier>{61a8530b-f6f1-4db0-8c59-bd2c869ca553}</UniqueIdentifier>
    </Filter>
  </ItemGroup>
  <ItemGroup>
    <ClCompile Include="glad.c">
      <Filter>Source Files</Filter>
    </ClCompile>
    <ClCompile Include="main.cpp">
      <Filter>Source Files</Filter>
    </ClCompile>
    <ClCompile Include="..\..\..\Desktop\imgui-master\imgui-master\imgui.cpp">
      <Filter>Source Files</Filter>
    </ClCompile>
    <ClCompile Include="..\..\..\Desktop\imgui-master\imgui-master\imgui_draw.cpp">
      <Filter>Source Files</Filter>
    </ClCompile>
    <ClCompile Include="..\..\..\Desktop\imgui-master\imgui-master\imgui_tables.cpp">
      <Filter>Source Files</Filter>
    </ClCompile>
    <ClCompile Include="..\..\..\Desktop\imgui-master\imgui-master\imgui_widgets.cpp">
      <Filter>Source Files</Filter>
    </ClCompile>
    <ClCompile Include="..\..\..\Desktop\imgui-master\imgui-master\backends\imgui_impl_glfw.cpp">
      <Filter>Source Files</Filter>
    </ClCompile>
    <ClCompile Include="..\..\..\Desktop\imgui-master\imgui-master\backends\imgui_impl_opengl3.cpp">
      <Filter>Source Files</Filter>
    </ClCompile>
  </ItemGroup>
  <ItemGroup>
    <ClInclude Include="..\..\..\Desktop\tiny_obj_loader.h">
      <Filter>libs</Filter>
    </ClInclude>
    <ClInclude Include="camera.h">
      <Filter>Header Files</Filter>
    </ClInclude>
    <ClInclude Include="mesh.h">
      <Filter>Header Files</Filter>
    </ClInclude>
    <ClInclude Include="model.h">
      <Filter>Header Files</Filter>
    </ClInclude>
    <ClInclude Include="robot.h">
      <Filter>Header Files</Filter>
    </ClInclude>
    <ClInclude Include="shaderClass.h">
      <Filter>Header Files</Filter>
    </ClInclude>
    <ClInclude Include="stb_image.h">
      <Filter>Header Files</Filter>
    </ClInclude>
    <ClInclude Include="stb_image_loader.h">
      <Filter>Header Files</Filter>
    </ClInclude>
    <ClInclude Include="..\..\..\Desktop\imgui-master\imgui-master\imconfig.h">
      <Filter>Header Files</Filter>
    </ClInclude>
    <ClInclude Include="..\..\..\Desktop\imgui-master\imgui-master\imgui.h">
      <Filter>Header Files</Filter>
    </ClInclude>
    <ClInclude Include="..\..\..\Desktop\imgui-master\imgui-master\imgui_internal.h">
      <Filter>Header Files</Filter>
    </ClInclude>
    <ClInclude Include="..\..\..\Desktop\imgui-master\imgui-master\backends\imgui_impl_glfw.h">
      <Filter>Header Files</Filter>
    </ClInclude>
    <ClInclude Include="..\..\..\Desktop\imgui-master\imgui-master\backends\imgui_impl_opengl3.h">
      <Filter>Header Files</Filter>
    </ClInclude>
  </ItemGroup>
  <ItemGroup>
    <None Include="default.vert">
      <Filter>assets\shaders</Filter>
    </None>
    <None Include="default.frag">
      <Filter>assets\shaders</Filter>
    </None>
    <None Include="..\..\..\Desktop\assets\models\model1.mtl">
      <Filter>assets\models</Filter>
    </None>
    <None Include="..\..\..\Desktop\assets\models\model2.mtl">
      <Filter>assets\models</Filter>
    </None>
    <None Include="..\..\..\Desktop\assets\models\model3.mtl">
      <Filter>assets\models</Filter>
    </None>
    <None Include="..\..\..\Desktop\assets\models\model4.mtl">
      <Filter>assets\models</Filter>
    </None>
    <None Include="..\..\..\Desktop\assets\models\model5.mtl">
      <Filter>assets\models</Filter>
    </None>
    <None Include="..\..\..\Desktop\assets\models\model1.obj">
      <Filter>assets\models</Filter>
    </None>
    <None Include="..\..\..\Desktop\assets\models\model2.obj">
      <Filter>assets\models</Filter>
    </None>
    <None Include="..\..\..\Desktop\assets\models\model3.obj">
      <Filter>assets\models</Filter>
    </None>
    <None Include="..\..\..\Desktop\assets\models\model4.obj">
      <Filter>assets\models</Filter>
    </None>
    <None Include="..\..\..\Desktop\assets\models\model5.obj">
      <Filter>assets\models</Filter>
    </None>
    <None Include="..\..\..\Desktop\assets\models\robot_arm.obj">
      <Filter>assets\models</Filter>
    </None>
    <None Include="..\..\..\Desktop\assets\models\robot_body.obj">
      <Filter>assets\models</Filter>
    </None>
  </ItemGroup>
  <ItemGroup>
    <Image Include="..\..\..\Desktop\assets\models\brick_wall_texture.png">
      <Filter>assets\textures</Filter>
    </Image>
    <Image Include="..\..\..\Desktop\assets\models\ground_texture.png">
      <Filter>assets\textures</Filter>
    </Image>
    <Image Include="..\..\..\Desktop\assets\models\model1.png">
      <Filter>assets\textures</Filter>
    </Image>
    <Image Include="..\..\..\Desktop\assets\models\model2.png">
      <Filter>assets\textures</Filter>
    </Image>
    <Image Include="..\..\..\Desktop\assets\models\model3.png">
      <Filter>assets\textures</Filter>
    </Image>
    <Image Include="..\..\..\Desktop\assets\models\model4.png">
      <Filter>assets\textures</Filter>
    </Image>
    <Image Include="..\..\..\Desktop\assets\models\model5.png">
      <Filter>assets\textures</Filter>
    </Image>
  </ItemGroup>
  <ItemGroup>
    <Font Include="..\..\..\Desktop\assets\fonts\OpenSans-Regular.ttf">
      <Filter>assets\fonts</Filter>
    </Font>
  </ItemGroup>
</Project>